{
  "version": 4,
  "terraform_version": "1.4.2",
  "serial": 35,
  "lineage": "76314a57-c694-2325-759d-ddaaf4efd1f2",
  "outputs": {
    "jenkins_ip": {
      "value": "34.147.52.40",
      "type": "string"
    }
  },
  "resources": [
    {
      "mode": "managed",
      "type": "google_compute_firewall",
      "name": "jenkins",
      "provider": "provider[\"registry.terraform.io/hashicorp/google\"]",
      "instances": [
        {
          "schema_version": 1,
          "attributes": {
            "allow": [
              {
                "ports": [
                  "80",
                  "443"
                ],
                "protocol": "tcp"
              }
            ],
            "creation_timestamp": "2023-05-16T11:30:11.866-07:00",
            "deny": [],
            "description": "",
            "destination_ranges": [],
            "direction": "INGRESS",
            "disabled": false,
            "enable_logging": null,
            "id": "projects/clean-brace-335322/global/firewalls/jenkins-firewall",
            "log_config": [],
            "name": "jenkins-firewall",
            "network": "https://www.googleapis.com/compute/v1/projects/clean-brace-335322/global/networks/default",
            "priority": 1000,
            "project": "clean-brace-335322",
            "self_link": "https://www.googleapis.com/compute/v1/projects/clean-brace-335322/global/firewalls/jenkins-firewall",
            "source_ranges": [
              "0.0.0.0/0"
            ],
            "source_service_accounts": null,
            "source_tags": null,
            "target_service_accounts": null,
            "target_tags": [
              "http-server",
              "https-server"
            ],
            "timeouts": null
          },
          "sensitive_attributes": [],
          "private": "eyJlMmJmYjczMC1lY2FhLTExZTYtOGY4OC0zNDM2M2JjN2M0YzAiOnsiY3JlYXRlIjoxMjAwMDAwMDAwMDAwLCJkZWxldGUiOjEyMDAwMDAwMDAwMDAsInVwZGF0ZSI6MTIwMDAwMDAwMDAwMH0sInNjaGVtYV92ZXJzaW9uIjoiMSJ9"
        }
      ]
    },
    {
      "mode": "managed",
      "type": "google_compute_instance",
      "name": "jenkins",
      "provider": "provider[\"registry.terraform.io/hashicorp/google\"]",
      "instances": [
        {
          "schema_version": 6,
          "attributes": {
            "advanced_machine_features": [],
            "allow_stopping_for_update": null,
            "attached_disk": [],
            "boot_disk": [
              {
                "auto_delete": true,
                "device_name": "persistent-disk-0",
                "disk_encryption_key_raw": "",
                "disk_encryption_key_sha256": "",
                "initialize_params": [
                  {
                    "image": "https://www.googleapis.com/compute/v1/projects/ubuntu-os-cloud/global/images/ubuntu-2204-jammy-v20230429",
                    "labels": {},
                    "size": 10,
                    "type": "pd-standard"
                  }
                ],
                "kms_key_self_link": "",
                "mode": "READ_WRITE",
                "source": "https://www.googleapis.com/compute/v1/projects/clean-brace-335322/zones/europe-west4-a/disks/jenkins"
              }
            ],
            "can_ip_forward": false,
            "confidential_instance_config": [],
            "cpu_platform": "Intel Skylake",
            "current_status": "RUNNING",
            "deletion_protection": false,
            "description": "",
            "desired_status": null,
            "enable_display": false,
            "guest_accelerator": [],
            "hostname": "",
            "id": "projects/clean-brace-335322/zones/europe-west4-a/instances/jenkins",
            "instance_id": "4423859619874370907",
            "label_fingerprint": "42WmSpB8rSM=",
            "labels": null,
            "machine_type": "n1-standard-1",
            "metadata": {
              "ssh-keys": "kofi:ssh-rsa AAAAB3NzaC1yc2EAAAADAQABAAABgQDLZn5WSL1BfvFX19RP9tPjerskUroXk/NowlFk/T59NdAr5YJPuJGtO+nF/IrWcdqm9UpW2HnNf6a6iaJoj/aT7bF84v4Pt63FFTi5Il4Ht72ttozr+a0SCC5XvbtFJ+OBm5n6a2f0kqZ0Pc9wTHAMkNyFybi3YJuhEVzU4m8587v050RjYX+AyLA8PEPF48aPM0vBpPYYEPjCj3wv3h+vt2p9AuVX43aoO+PRrePeCQaO5dDQMp9t1NKW6buyudjYuOL8T6am66I/n03UrloQG0IoUHN1sap3LN1BE/a1rZQ5BPsSB3EQyKpfJw6SdRXYKadtcf2XGorA5l8TIYDiJXJWVcQL/5i4lUI6WvqDqOYPoHxWIeP9NErUj3HwjmsJV1i0TORxLGyf0jxEgJZC2oYY5kL0X9+l5wyoCcTUyIi8ILnhLbXoSo7Jl8i5VDZGf/5hkpxKAo11U4ank5lzBUtOCHgb8XRpkmO/OOuQs0C8JIdjPlDFwqpTfP0XhmU= calvi@DESKTOP-BLQDLCO\r\n"
            },
            "metadata_fingerprint": "UMqCW2qqAEQ=",
            "metadata_startup_script": "#!/bin/bash\r\napt-get update\r\napt-get install -y openjdk-11-jdk\r\nwget -q -O - https://pkg.jenkins.io/debian-stable/jenkins.io.key | sudo apt-key add -\r\nsh -c 'echo deb http://pkg.jenkins.io/debian-stable binary/ \u003e /etc/apt/sources.list.d/jenkins.list'\r\napt-get update\r\napt-get install -y jenkins\r\n",
            "min_cpu_platform": "",
            "name": "jenkins",
            "network_interface": [
              {
                "access_config": [
                  {
                    "nat_ip": "34.147.52.40",
                    "network_tier": "PREMIUM",
                    "public_ptr_domain_name": ""
                  }
                ],
                "alias_ip_range": [],
                "ipv6_access_config": [],
                "ipv6_access_type": "",
                "name": "nic0",
                "network": "https://www.googleapis.com/compute/v1/projects/clean-brace-335322/global/networks/default",
                "network_ip": "10.164.0.6",
                "nic_type": "",
                "queue_count": 0,
                "stack_type": "IPV4_ONLY",
                "subnetwork": "https://www.googleapis.com/compute/v1/projects/clean-brace-335322/regions/europe-west4/subnetworks/default",
                "subnetwork_project": "clean-brace-335322"
              }
            ],
            "project": "clean-brace-335322",
            "reservation_affinity": [],
            "resource_policies": null,
            "scheduling": [
              {
                "automatic_restart": true,
                "instance_termination_action": "",
                "min_node_cpus": 0,
                "node_affinities": [],
                "on_host_maintenance": "MIGRATE",
                "preemptible": false,
                "provisioning_model": "STANDARD"
              }
            ],
            "scratch_disk": [],
            "self_link": "https://www.googleapis.com/compute/v1/projects/clean-brace-335322/zones/europe-west4-a/instances/jenkins",
            "service_account": [],
            "shielded_instance_config": [
              {
                "enable_integrity_monitoring": true,
                "enable_secure_boot": false,
                "enable_vtpm": true
              }
            ],
            "tags": [
              "http-server",
              "https-server"
            ],
            "tags_fingerprint": "6smc4R4d39I=",
            "timeouts": null,
            "zone": "europe-west4-a"
          },
          "sensitive_attributes": [],
          "private": "eyJlMmJmYjczMC1lY2FhLTExZTYtOGY4OC0zNDM2M2JjN2M0YzAiOnsiY3JlYXRlIjoxMjAwMDAwMDAwMDAwLCJkZWxldGUiOjEyMDAwMDAwMDAwMDAsInVwZGF0ZSI6MTIwMDAwMDAwMDAwMH0sInNjaGVtYV92ZXJzaW9uIjoiNiJ9"
        }
      ]
    }
  ],
  "check_results": null
}
